
Microsoft Visual Studio Solution File, Format Version 12.00
# Visual Studio Version 17
VisualStudioVersion = 17.9.34723.18
MinimumVisualStudioVersion = 10.0.40219.1
Project("{FAE04EC0-301F-11D3-BF4B-00C04F79EFBC}") = "Api", "Api.csproj", "{6367AF7A-ECFE-467D-A6E0-DB4FBE2316CF}"
EndProject
Global
	GlobalSection(SolutionConfigurationPlatforms) = preSolution
		Debug|Any CPU = Debug|Any CPU
		Release|Any CPU = Release|Any CPU
	EndGlobalSection
	GlobalSection(ProjectConfigurationPlatforms) = postSolution
		{6367AF7A-ECFE-467D-A6E0-DB4FBE2316CF}.Debug|Any CPU.ActiveCfg = Debug|Any CPU
		{6367AF7A-ECFE-467D-A6E0-DB4FBE2316CF}.Debug|Any CPU.Build.0 = Debug|Any CPU
		{6367AF7A-ECFE-467D-A6E0-DB4FBE2316CF}.Release|Any CPU.ActiveCfg = Release|Any CPU
		{6367AF7A-ECFE-467D-A6E0-DB4FBE2316CF}.Release|Any CPU.Build.0 = Release|Any CPU
	EndGlobalSection
	GlobalSection(SolutionProperties) = preSolution
		HideSolutionNode = FALSE
	EndGlobalSection
	GlobalSection(ExtensibilityGlobals) = postSolution
		SolutionGuid = {B7EF55A9-525E-4B79-8841-F14574D24352}
	EndGlobalSection
EndGlobal
